
Microsoft Visual Studio Solution File, Format Version 12.00
# Visual Studio Version 17
VisualStudioVersion = 17.5.2.0
MinimumVisualStudioVersion = 10.0.40219.1
Project("{2150E333-8FDC-42A3-9474-1A3956D46DE8}") = "cmd", "cmd", "{31F91A0F-662B-B2C5-E18E-166D77B9FF67}"
EndProject
Project("{FAE04EC0-301F-11D3-BF4B-00C04F79EFBC}") = "CimianStatus", "cmd\cimistatus\CimianStatus.csproj", "{70A6E145-68EB-57AA-ED05-2DA8719F72F4}"
EndProject
Project("{2150E333-8FDC-42A3-9474-1A3956D46DE8}") = "src", "src", "{827E0CD3-B72D-47B6-A68D-7590B98EB39B}"
EndProject
Project("{FAE04EC0-301F-11D3-BF4B-00C04F79EFBC}") = "Cimian.CLI.cimitrigger", "src\Cimian.CLI.cimitrigger\Cimian.CLI.cimitrigger.csproj", "{9727EA3D-940D-4888-AC84-1675D9B248CD}"
EndProject
Project("{FAE04EC0-301F-11D3-BF4B-00C04F79EFBC}") = "Cimian.CLI.repoclean", "src\Cimian.CLI.repoclean\Cimian.CLI.repoclean.csproj", "{BA2F4E92-459D-4D58-A2DD-3C7BF94B31EA}"
EndProject
Project("{FAE04EC0-301F-11D3-BF4B-00C04F79EFBC}") = "Cimian.Core", "src\Cimian.Core\Cimian.Core.csproj", "{8A11C2EC-2901-4188-957E-082B4C123F1C}"
EndProject
Project("{FAE04EC0-301F-11D3-BF4B-00C04F79EFBC}") = "Cimian.Engine", "src\Cimian.Engine\Cimian.Engine.csproj", "{9B0FA4D9-4175-4747-A660-95A1758CE6D8}"
EndProject
Project("{FAE04EC0-301F-11D3-BF4B-00C04F79EFBC}") = "Cimian.Infrastructure", "src\Cimian.Infrastructure\Cimian.Infrastructure.csproj", "{AC731511-5CC0-46B6-82A4-0802CEEA1F1C}"
EndProject
Project("{FAE04EC0-301F-11D3-BF4B-00C04F79EFBC}") = "Cimian.GUI.CimianStatus", "src\Cimian.GUI.CimianStatus\Cimian.GUI.CimianStatus.csproj", "{AF7076FC-75D4-4375-BCAA-A241CF742653}"
EndProject
Global
	GlobalSection(SolutionConfigurationPlatforms) = preSolution
		Debug|Any CPU = Debug|Any CPU
		Debug|x64 = Debug|x64
		Debug|x86 = Debug|x86
		Release|Any CPU = Release|Any CPU
		Release|x64 = Release|x64
		Release|x86 = Release|x86
	EndGlobalSection
	GlobalSection(ProjectConfigurationPlatforms) = postSolution
		{70A6E145-68EB-57AA-ED05-2DA8719F72F4}.Debug|Any CPU.ActiveCfg = Debug|Any CPU
		{70A6E145-68EB-57AA-ED05-2DA8719F72F4}.Debug|Any CPU.Build.0 = Debug|Any CPU
		{70A6E145-68EB-57AA-ED05-2DA8719F72F4}.Debug|x64.ActiveCfg = Debug|Any CPU
		{70A6E145-68EB-57AA-ED05-2DA8719F72F4}.Debug|x64.Build.0 = Debug|Any CPU
		{70A6E145-68EB-57AA-ED05-2DA8719F72F4}.Debug|x86.ActiveCfg = Debug|Any CPU
		{70A6E145-68EB-57AA-ED05-2DA8719F72F4}.Debug|x86.Build.0 = Debug|Any CPU
		{70A6E145-68EB-57AA-ED05-2DA8719F72F4}.Release|Any CPU.ActiveCfg = Release|Any CPU
		{70A6E145-68EB-57AA-ED05-2DA8719F72F4}.Release|Any CPU.Build.0 = Release|Any CPU
		{70A6E145-68EB-57AA-ED05-2DA8719F72F4}.Release|x64.ActiveCfg = Release|Any CPU
		{70A6E145-68EB-57AA-ED05-2DA8719F72F4}.Release|x64.Build.0 = Release|Any CPU
		{70A6E145-68EB-57AA-ED05-2DA8719F72F4}.Release|x86.ActiveCfg = Release|Any CPU
		{70A6E145-68EB-57AA-ED05-2DA8719F72F4}.Release|x86.Build.0 = Release|Any CPU
		{9727EA3D-940D-4888-AC84-1675D9B248CD}.Debug|Any CPU.ActiveCfg = Debug|Any CPU
		{9727EA3D-940D-4888-AC84-1675D9B248CD}.Debug|Any CPU.Build.0 = Debug|Any CPU
		{9727EA3D-940D-4888-AC84-1675D9B248CD}.Debug|x64.ActiveCfg = Debug|Any CPU
		{9727EA3D-940D-4888-AC84-1675D9B248CD}.Debug|x64.Build.0 = Debug|Any CPU
		{9727EA3D-940D-4888-AC84-1675D9B248CD}.Debug|x86.ActiveCfg = Debug|Any CPU
		{9727EA3D-940D-4888-AC84-1675D9B248CD}.Debug|x86.Build.0 = Debug|Any CPU
		{9727EA3D-940D-4888-AC84-1675D9B248CD}.Release|Any CPU.ActiveCfg = Release|Any CPU
		{9727EA3D-940D-4888-AC84-1675D9B248CD}.Release|Any CPU.Build.0 = Release|Any CPU
		{9727EA3D-940D-4888-AC84-1675D9B248CD}.Release|x64.ActiveCfg = Release|Any CPU
		{9727EA3D-940D-4888-AC84-1675D9B248CD}.Release|x64.Build.0 = Release|Any CPU
		{9727EA3D-940D-4888-AC84-1675D9B248CD}.Release|x86.ActiveCfg = Release|Any CPU
		{9727EA3D-940D-4888-AC84-1675D9B248CD}.Release|x86.Build.0 = Release|Any CPU
		{BA2F4E92-459D-4D58-A2DD-3C7BF94B31EA}.Debug|Any CPU.ActiveCfg = Debug|Any CPU
		{BA2F4E92-459D-4D58-A2DD-3C7BF94B31EA}.Debug|Any CPU.Build.0 = Debug|Any CPU
		{BA2F4E92-459D-4D58-A2DD-3C7BF94B31EA}.Debug|x64.ActiveCfg = Debug|Any CPU
		{BA2F4E92-459D-4D58-A2DD-3C7BF94B31EA}.Debug|x64.Build.0 = Debug|Any CPU
		{BA2F4E92-459D-4D58-A2DD-3C7BF94B31EA}.Debug|x86.ActiveCfg = Debug|Any CPU
		{BA2F4E92-459D-4D58-A2DD-3C7BF94B31EA}.Debug|x86.Build.0 = Debug|Any CPU
		{BA2F4E92-459D-4D58-A2DD-3C7BF94B31EA}.Release|Any CPU.ActiveCfg = Release|Any CPU
		{BA2F4E92-459D-4D58-A2DD-3C7BF94B31EA}.Release|Any CPU.Build.0 = Release|Any CPU
		{BA2F4E92-459D-4D58-A2DD-3C7BF94B31EA}.Release|x64.ActiveCfg = Release|Any CPU
		{BA2F4E92-459D-4D58-A2DD-3C7BF94B31EA}.Release|x64.Build.0 = Release|Any CPU
		{BA2F4E92-459D-4D58-A2DD-3C7BF94B31EA}.Release|x86.ActiveCfg = Release|Any CPU
		{BA2F4E92-459D-4D58-A2DD-3C7BF94B31EA}.Release|x86.Build.0 = Release|Any CPU
		{8A11C2EC-2901-4188-957E-082B4C123F1C}.Debug|Any CPU.ActiveCfg = Debug|Any CPU
		{8A11C2EC-2901-4188-957E-082B4C123F1C}.Debug|Any CPU.Build.0 = Debug|Any CPU
		{8A11C2EC-2901-4188-957E-082B4C123F1C}.Debug|x64.ActiveCfg = Debug|Any CPU
		{8A11C2EC-2901-4188-957E-082B4C123F1C}.Debug|x64.Build.0 = Debug|Any CPU
		{8A11C2EC-2901-4188-957E-082B4C123F1C}.Debug|x86.ActiveCfg = Debug|Any CPU
		{8A11C2EC-2901-4188-957E-082B4C123F1C}.Debug|x86.Build.0 = Debug|Any CPU
		{8A11C2EC-2901-4188-957E-082B4C123F1C}.Release|Any CPU.ActiveCfg = Release|Any CPU
		{8A11C2EC-2901-4188-957E-082B4C123F1C}.Release|Any CPU.Build.0 = Release|Any CPU
		{8A11C2EC-2901-4188-957E-082B4C123F1C}.Release|x64.ActiveCfg = Release|Any CPU
		{8A11C2EC-2901-4188-957E-082B4C123F1C}.Release|x64.Build.0 = Release|Any CPU
		{8A11C2EC-2901-4188-957E-082B4C123F1C}.Release|x86.ActiveCfg = Release|Any CPU
		{8A11C2EC-2901-4188-957E-082B4C123F1C}.Release|x86.Build.0 = Release|Any CPU
		{9B0FA4D9-4175-4747-A660-95A1758CE6D8}.Debug|Any CPU.ActiveCfg = Debug|Any CPU
		{9B0FA4D9-4175-4747-A660-95A1758CE6D8}.Debug|Any CPU.Build.0 = Debug|Any CPU
		{9B0FA4D9-4175-4747-A660-95A1758CE6D8}.Debug|x64.ActiveCfg = Debug|Any CPU
		{9B0FA4D9-4175-4747-A660-95A1758CE6D8}.Debug|x64.Build.0 = Debug|Any CPU
		{9B0FA4D9-4175-4747-A660-95A1758CE6D8}.Debug|x86.ActiveCfg = Debug|Any CPU
		{9B0FA4D9-4175-4747-A660-95A1758CE6D8}.Debug|x86.Build.0 = Debug|Any CPU
		{9B0FA4D9-4175-4747-A660-95A1758CE6D8}.Release|Any CPU.ActiveCfg = Release|Any CPU
		{9B0FA4D9-4175-4747-A660-95A1758CE6D8}.Release|Any CPU.Build.0 = Release|Any CPU
		{9B0FA4D9-4175-4747-A660-95A1758CE6D8}.Release|x64.ActiveCfg = Release|Any CPU
		{9B0FA4D9-4175-4747-A660-95A1758CE6D8}.Release|x64.Build.0 = Release|Any CPU
		{9B0FA4D9-4175-4747-A660-95A1758CE6D8}.Release|x86.ActiveCfg = Release|Any CPU
		{9B0FA4D9-4175-4747-A660-95A1758CE6D8}.Release|x86.Build.0 = Release|Any CPU
		{AC731511-5CC0-46B6-82A4-0802CEEA1F1C}.Debug|Any CPU.ActiveCfg = Debug|Any CPU
		{AC731511-5CC0-46B6-82A4-0802CEEA1F1C}.Debug|Any CPU.Build.0 = Debug|Any CPU
		{AC731511-5CC0-46B6-82A4-0802CEEA1F1C}.Debug|x64.ActiveCfg = Debug|Any CPU
		{AC731511-5CC0-46B6-82A4-0802CEEA1F1C}.Debug|x64.Build.0 = Debug|Any CPU
		{AC731511-5CC0-46B6-82A4-0802CEEA1F1C}.Debug|x86.ActiveCfg = Debug|Any CPU
		{AC731511-5CC0-46B6-82A4-0802CEEA1F1C}.Debug|x86.Build.0 = Debug|Any CPU
		{AC731511-5CC0-46B6-82A4-0802CEEA1F1C}.Release|Any CPU.ActiveCfg = Release|Any CPU
		{AC731511-5CC0-46B6-82A4-0802CEEA1F1C}.Release|Any CPU.Build.0 = Release|Any CPU
		{AC731511-5CC0-46B6-82A4-0802CEEA1F1C}.Release|x64.ActiveCfg = Release|Any CPU
		{AC731511-5CC0-46B6-82A4-0802CEEA1F1C}.Release|x64.Build.0 = Release|Any CPU
		{AC731511-5CC0-46B6-82A4-0802CEEA1F1C}.Release|x86.ActiveCfg = Release|Any CPU
		{AC731511-5CC0-46B6-82A4-0802CEEA1F1C}.Release|x86.Build.0 = Release|Any CPU
		{AF7076FC-75D4-4375-BCAA-A241CF742653}.Debug|Any CPU.ActiveCfg = Debug|Any CPU
		{AF7076FC-75D4-4375-BCAA-A241CF742653}.Debug|Any CPU.Build.0 = Debug|Any CPU
		{AF7076FC-75D4-4375-BCAA-A241CF742653}.Debug|x64.ActiveCfg = Debug|Any CPU
		{AF7076FC-75D4-4375-BCAA-A241CF742653}.Debug|x64.Build.0 = Debug|Any CPU
		{AF7076FC-75D4-4375-BCAA-A241CF742653}.Debug|x86.ActiveCfg = Debug|Any CPU
		{AF7076FC-75D4-4375-BCAA-A241CF742653}.Debug|x86.Build.0 = Debug|Any CPU
		{AF7076FC-75D4-4375-BCAA-A241CF742653}.Release|Any CPU.ActiveCfg = Release|Any CPU
		{AF7076FC-75D4-4375-BCAA-A241CF742653}.Release|Any CPU.Build.0 = Release|Any CPU
		{AF7076FC-75D4-4375-BCAA-A241CF742653}.Release|x64.ActiveCfg = Release|Any CPU
		{AF7076FC-75D4-4375-BCAA-A241CF742653}.Release|x64.Build.0 = Release|Any CPU
		{AF7076FC-75D4-4375-BCAA-A241CF742653}.Release|x86.ActiveCfg = Release|Any CPU
		{AF7076FC-75D4-4375-BCAA-A241CF742653}.Release|x86.Build.0 = Release|Any CPU
	EndGlobalSection
	GlobalSection(SolutionProperties) = preSolution
		HideSolutionNode = FALSE
	EndGlobalSection
	GlobalSection(NestedProjects) = preSolution
		{70A6E145-68EB-57AA-ED05-2DA8719F72F4} = {31F91A0F-662B-B2C5-E18E-166D77B9FF67}
		{9727EA3D-940D-4888-AC84-1675D9B248CD} = {827E0CD3-B72D-47B6-A68D-7590B98EB39B}
		{BA2F4E92-459D-4D58-A2DD-3C7BF94B31EA} = {827E0CD3-B72D-47B6-A68D-7590B98EB39B}
		{8A11C2EC-2901-4188-957E-082B4C123F1C} = {827E0CD3-B72D-47B6-A68D-7590B98EB39B}
		{9B0FA4D9-4175-4747-A660-95A1758CE6D8} = {827E0CD3-B72D-47B6-A68D-7590B98EB39B}
		{AC731511-5CC0-46B6-82A4-0802CEEA1F1C} = {827E0CD3-B72D-47B6-A68D-7590B98EB39B}
		{AF7076FC-75D4-4375-BCAA-A241CF742653} = {827E0CD3-B72D-47B6-A68D-7590B98EB39B}
	EndGlobalSection
	GlobalSection(ExtensibilityGlobals) = postSolution
		SolutionGuid = {C1DA630C-44C8-4E63-A16F-E78752027F1A}
	EndGlobalSection
EndGlobal
