
Microsoft Visual Studio Solution File, Format Version 12.00
# Visual Studio Version 17
VisualStudioVersion = 17.0.31903.59
MinimumVisualStudioVersion = 10.0.40219.1
Project("{2150E333-8FDC-42A3-9474-1A3956D46DE8}") = "shared", "shared", "{4F52FD11-658E-A102-6CD3-7D7C16FFA15B}"
EndProject
Project("{FAE04EC0-301F-11D3-BF4B-00C04F79EFBC}") = "Cimian.Core", "shared\core\Cimian.Core.csproj", "{C175C503-3E9F-477D-9371-D38215D06AE9}"
EndProject
Project("{FAE04EC0-301F-11D3-BF4B-00C04F79EFBC}") = "Cimian.Engine", "shared\engine\Cimian.Engine.csproj", "{C7991874-50DE-40F8-8550-54D117B94234}"
EndProject
Project("{FAE04EC0-301F-11D3-BF4B-00C04F79EFBC}") = "Cimian.Infrastructure", "shared\infrastructure\Cimian.Infrastructure.csproj", "{52C2BBCA-4B2B-42D9-9A95-2A00CC337C73}"
EndProject
Project("{2150E333-8FDC-42A3-9474-1A3956D46DE8}") = "cli", "cli", "{342A349A-D343-8551-4064-2E2800C39E13}"
EndProject
Project("{FAE04EC0-301F-11D3-BF4B-00C04F79EFBC}") = "Cimian.CLI.cimiimport", "cli\cimiimport\Cimian.CLI.cimiimport.csproj", "{AD10FD4F-A2BA-41BC-98A8-439BFEE0381F}"
EndProject
Project("{FAE04EC0-301F-11D3-BF4B-00C04F79EFBC}") = "Cimian.CLI.cimipkg", "cli\cimipkg\Cimian.CLI.cimipkg.csproj", "{AE2F559F-B9D2-4B41-AA3F-B539E6361F2D}"
EndProject
Project("{FAE04EC0-301F-11D3-BF4B-00C04F79EFBC}") = "Cimian.CLI.cimistatus", "cli\cimistatus\Cimian.CLI.cimistatus.csproj", "{5264B35C-AB08-42F5-8A89-FF78A17CC62E}"
EndProject
Project("{FAE04EC0-301F-11D3-BF4B-00C04F79EFBC}") = "Cimian.CLI.cimitrigger", "cli\cimitrigger\Cimian.CLI.cimitrigger.csproj", "{BD08C27D-FAD6-407E-AC1A-6CEDA81A540C}"
EndProject
Project("{FAE04EC0-301F-11D3-BF4B-00C04F79EFBC}") = "Cimian.CLI.cimiwatcher", "cli\cimiwatcher\Cimian.CLI.cimiwatcher.csproj", "{09C65CC6-B297-41A0-A61B-DBF798B01609}"
EndProject
Project("{FAE04EC0-301F-11D3-BF4B-00C04F79EFBC}") = "Cimian.CLI.makecatalogs", "cli\makecatalogs\Cimian.CLI.makecatalogs.csproj", "{F044BA16-7074-4803-B6D8-DF77333419B1}"
EndProject
Project("{FAE04EC0-301F-11D3-BF4B-00C04F79EFBC}") = "Cimian.CLI.makepkginfo", "cli\makepkginfo\Cimian.CLI.makepkginfo.csproj", "{2EF42320-E2CC-4DE5-A59D-9BB531051892}"
EndProject
Project("{FAE04EC0-301F-11D3-BF4B-00C04F79EFBC}") = "Cimian.CLI.managedsoftwareupdate", "cli\managedsoftwareupdate\Cimian.CLI.managedsoftwareupdate.csproj", "{8387F857-E250-4A72-82F0-E43AE42561D7}"
EndProject
Project("{FAE04EC0-301F-11D3-BF4B-00C04F79EFBC}") = "Cimian.CLI.manifestutil", "cli\manifestutil\Cimian.CLI.manifestutil.csproj", "{641BE4FC-0521-4673-8C89-7E89299F86E8}"
EndProject
Project("{FAE04EC0-301F-11D3-BF4B-00C04F79EFBC}") = "Cimian.CLI.repoclean", "cli\repoclean\Cimian.CLI.repoclean.csproj", "{7531265A-AA9D-4A30-B6D0-48451E9F965B}"
EndProject
Project("{2150E333-8FDC-42A3-9474-1A3956D46DE8}") = "apps", "apps", "{1787FE1D-075E-9E68-7218-25F1BD1BBEAB}"
EndProject
Project("{FAE04EC0-301F-11D3-BF4B-00C04F79EFBC}") = "Cimian.GUI.CimianStatus", "apps\CimianStatus\Cimian.GUI.CimianStatus.csproj", "{E3553E9C-62B7-4B03-87E5-5A707D5903D5}"
EndProject
Project("{FAE04EC0-301F-11D3-BF4B-00C04F79EFBC}") = "Cimian.GUI.ManagedSoftwareCenter", "apps\ManagedSoftwareCenter\Cimian.GUI.ManagedSoftwareCenter.csproj", "{F121E8F7-6162-4E02-BFE3-698D39DD97B0}"
EndProject
Project("{2150E333-8FDC-42A3-9474-1A3956D46DE8}") = "tests", "tests", "{0AB3BF05-4346-4AA6-1389-037BE0695223}"
EndProject
Project("{FAE04EC0-301F-11D3-BF4B-00C04F79EFBC}") = "Cimian.Tests", "tests\Cimian.Tests.csproj", "{5174D0A7-52A2-4DFC-B837-52FB5A6C2876}"
EndProject
Global
	GlobalSection(SolutionConfigurationPlatforms) = preSolution
		Debug|Any CPU = Debug|Any CPU
		Debug|x64 = Debug|x64
		Debug|x86 = Debug|x86
		Release|Any CPU = Release|Any CPU
		Release|x64 = Release|x64
		Release|x86 = Release|x86
	EndGlobalSection
	GlobalSection(ProjectConfigurationPlatforms) = postSolution
		{C175C503-3E9F-477D-9371-D38215D06AE9}.Debug|Any CPU.ActiveCfg = Debug|Any CPU
		{C175C503-3E9F-477D-9371-D38215D06AE9}.Debug|Any CPU.Build.0 = Debug|Any CPU
		{C175C503-3E9F-477D-9371-D38215D06AE9}.Debug|x64.ActiveCfg = Debug|Any CPU
		{C175C503-3E9F-477D-9371-D38215D06AE9}.Debug|x64.Build.0 = Debug|Any CPU
		{C175C503-3E9F-477D-9371-D38215D06AE9}.Debug|x86.ActiveCfg = Debug|Any CPU
		{C175C503-3E9F-477D-9371-D38215D06AE9}.Debug|x86.Build.0 = Debug|Any CPU
		{C175C503-3E9F-477D-9371-D38215D06AE9}.Release|Any CPU.ActiveCfg = Release|Any CPU
		{C175C503-3E9F-477D-9371-D38215D06AE9}.Release|Any CPU.Build.0 = Release|Any CPU
		{C175C503-3E9F-477D-9371-D38215D06AE9}.Release|x64.ActiveCfg = Release|Any CPU
		{C175C503-3E9F-477D-9371-D38215D06AE9}.Release|x64.Build.0 = Release|Any CPU
		{C175C503-3E9F-477D-9371-D38215D06AE9}.Release|x86.ActiveCfg = Release|Any CPU
		{C175C503-3E9F-477D-9371-D38215D06AE9}.Release|x86.Build.0 = Release|Any CPU
		{C7991874-50DE-40F8-8550-54D117B94234}.Debug|Any CPU.ActiveCfg = Debug|Any CPU
		{C7991874-50DE-40F8-8550-54D117B94234}.Debug|Any CPU.Build.0 = Debug|Any CPU
		{C7991874-50DE-40F8-8550-54D117B94234}.Debug|x64.ActiveCfg = Debug|Any CPU
		{C7991874-50DE-40F8-8550-54D117B94234}.Debug|x64.Build.0 = Debug|Any CPU
		{C7991874-50DE-40F8-8550-54D117B94234}.Debug|x86.ActiveCfg = Debug|Any CPU
		{C7991874-50DE-40F8-8550-54D117B94234}.Debug|x86.Build.0 = Debug|Any CPU
		{C7991874-50DE-40F8-8550-54D117B94234}.Release|Any CPU.ActiveCfg = Release|Any CPU
		{C7991874-50DE-40F8-8550-54D117B94234}.Release|Any CPU.Build.0 = Release|Any CPU
		{C7991874-50DE-40F8-8550-54D117B94234}.Release|x64.ActiveCfg = Release|Any CPU
		{C7991874-50DE-40F8-8550-54D117B94234}.Release|x64.Build.0 = Release|Any CPU
		{C7991874-50DE-40F8-8550-54D117B94234}.Release|x86.ActiveCfg = Release|Any CPU
		{C7991874-50DE-40F8-8550-54D117B94234}.Release|x86.Build.0 = Release|Any CPU
		{52C2BBCA-4B2B-42D9-9A95-2A00CC337C73}.Debug|Any CPU.ActiveCfg = Debug|Any CPU
		{52C2BBCA-4B2B-42D9-9A95-2A00CC337C73}.Debug|Any CPU.Build.0 = Debug|Any CPU
		{52C2BBCA-4B2B-42D9-9A95-2A00CC337C73}.Debug|x64.ActiveCfg = Debug|Any CPU
		{52C2BBCA-4B2B-42D9-9A95-2A00CC337C73}.Debug|x64.Build.0 = Debug|Any CPU
		{52C2BBCA-4B2B-42D9-9A95-2A00CC337C73}.Debug|x86.ActiveCfg = Debug|Any CPU
		{52C2BBCA-4B2B-42D9-9A95-2A00CC337C73}.Debug|x86.Build.0 = Debug|Any CPU
		{52C2BBCA-4B2B-42D9-9A95-2A00CC337C73}.Release|Any CPU.ActiveCfg = Release|Any CPU
		{52C2BBCA-4B2B-42D9-9A95-2A00CC337C73}.Release|Any CPU.Build.0 = Release|Any CPU
		{52C2BBCA-4B2B-42D9-9A95-2A00CC337C73}.Release|x64.ActiveCfg = Release|Any CPU
		{52C2BBCA-4B2B-42D9-9A95-2A00CC337C73}.Release|x64.Build.0 = Release|Any CPU
		{52C2BBCA-4B2B-42D9-9A95-2A00CC337C73}.Release|x86.ActiveCfg = Release|Any CPU
		{52C2BBCA-4B2B-42D9-9A95-2A00CC337C73}.Release|x86.Build.0 = Release|Any CPU
		{AD10FD4F-A2BA-41BC-98A8-439BFEE0381F}.Debug|Any CPU.ActiveCfg = Debug|Any CPU
		{AD10FD4F-A2BA-41BC-98A8-439BFEE0381F}.Debug|Any CPU.Build.0 = Debug|Any CPU
		{AD10FD4F-A2BA-41BC-98A8-439BFEE0381F}.Debug|x64.ActiveCfg = Debug|Any CPU
		{AD10FD4F-A2BA-41BC-98A8-439BFEE0381F}.Debug|x64.Build.0 = Debug|Any CPU
		{AD10FD4F-A2BA-41BC-98A8-439BFEE0381F}.Debug|x86.ActiveCfg = Debug|Any CPU
		{AD10FD4F-A2BA-41BC-98A8-439BFEE0381F}.Debug|x86.Build.0 = Debug|Any CPU
		{AD10FD4F-A2BA-41BC-98A8-439BFEE0381F}.Release|Any CPU.ActiveCfg = Release|Any CPU
		{AD10FD4F-A2BA-41BC-98A8-439BFEE0381F}.Release|Any CPU.Build.0 = Release|Any CPU
		{AD10FD4F-A2BA-41BC-98A8-439BFEE0381F}.Release|x64.ActiveCfg = Release|Any CPU
		{AD10FD4F-A2BA-41BC-98A8-439BFEE0381F}.Release|x64.Build.0 = Release|Any CPU
		{AD10FD4F-A2BA-41BC-98A8-439BFEE0381F}.Release|x86.ActiveCfg = Release|Any CPU
		{AD10FD4F-A2BA-41BC-98A8-439BFEE0381F}.Release|x86.Build.0 = Release|Any CPU
		{AE2F559F-B9D2-4B41-AA3F-B539E6361F2D}.Debug|Any CPU.ActiveCfg = Debug|Any CPU
		{AE2F559F-B9D2-4B41-AA3F-B539E6361F2D}.Debug|Any CPU.Build.0 = Debug|Any CPU
		{AE2F559F-B9D2-4B41-AA3F-B539E6361F2D}.Debug|x64.ActiveCfg = Debug|Any CPU
		{AE2F559F-B9D2-4B41-AA3F-B539E6361F2D}.Debug|x64.Build.0 = Debug|Any CPU
		{AE2F559F-B9D2-4B41-AA3F-B539E6361F2D}.Debug|x86.ActiveCfg = Debug|Any CPU
		{AE2F559F-B9D2-4B41-AA3F-B539E6361F2D}.Debug|x86.Build.0 = Debug|Any CPU
		{AE2F559F-B9D2-4B41-AA3F-B539E6361F2D}.Release|Any CPU.ActiveCfg = Release|Any CPU
		{AE2F559F-B9D2-4B41-AA3F-B539E6361F2D}.Release|Any CPU.Build.0 = Release|Any CPU
		{AE2F559F-B9D2-4B41-AA3F-B539E6361F2D}.Release|x64.ActiveCfg = Release|Any CPU
		{AE2F559F-B9D2-4B41-AA3F-B539E6361F2D}.Release|x64.Build.0 = Release|Any CPU
		{AE2F559F-B9D2-4B41-AA3F-B539E6361F2D}.Release|x86.ActiveCfg = Release|Any CPU
		{AE2F559F-B9D2-4B41-AA3F-B539E6361F2D}.Release|x86.Build.0 = Release|Any CPU
		{5264B35C-AB08-42F5-8A89-FF78A17CC62E}.Debug|Any CPU.ActiveCfg = Debug|Any CPU
		{5264B35C-AB08-42F5-8A89-FF78A17CC62E}.Debug|Any CPU.Build.0 = Debug|Any CPU
		{5264B35C-AB08-42F5-8A89-FF78A17CC62E}.Debug|x64.ActiveCfg = Debug|Any CPU
		{5264B35C-AB08-42F5-8A89-FF78A17CC62E}.Debug|x64.Build.0 = Debug|Any CPU
		{5264B35C-AB08-42F5-8A89-FF78A17CC62E}.Debug|x86.ActiveCfg = Debug|Any CPU
		{5264B35C-AB08-42F5-8A89-FF78A17CC62E}.Debug|x86.Build.0 = Debug|Any CPU
		{5264B35C-AB08-42F5-8A89-FF78A17CC62E}.Release|Any CPU.ActiveCfg = Release|Any CPU
		{5264B35C-AB08-42F5-8A89-FF78A17CC62E}.Release|Any CPU.Build.0 = Release|Any CPU
		{5264B35C-AB08-42F5-8A89-FF78A17CC62E}.Release|x64.ActiveCfg = Release|Any CPU
		{5264B35C-AB08-42F5-8A89-FF78A17CC62E}.Release|x64.Build.0 = Release|Any CPU
		{5264B35C-AB08-42F5-8A89-FF78A17CC62E}.Release|x86.ActiveCfg = Release|Any CPU
		{5264B35C-AB08-42F5-8A89-FF78A17CC62E}.Release|x86.Build.0 = Release|Any CPU
		{BD08C27D-FAD6-407E-AC1A-6CEDA81A540C}.Debug|Any CPU.ActiveCfg = Debug|Any CPU
		{BD08C27D-FAD6-407E-AC1A-6CEDA81A540C}.Debug|Any CPU.Build.0 = Debug|Any CPU
		{BD08C27D-FAD6-407E-AC1A-6CEDA81A540C}.Debug|x64.ActiveCfg = Debug|Any CPU
		{BD08C27D-FAD6-407E-AC1A-6CEDA81A540C}.Debug|x64.Build.0 = Debug|Any CPU
		{BD08C27D-FAD6-407E-AC1A-6CEDA81A540C}.Debug|x86.ActiveCfg = Debug|Any CPU
		{BD08C27D-FAD6-407E-AC1A-6CEDA81A540C}.Debug|x86.Build.0 = Debug|Any CPU
		{BD08C27D-FAD6-407E-AC1A-6CEDA81A540C}.Release|Any CPU.ActiveCfg = Release|Any CPU
		{BD08C27D-FAD6-407E-AC1A-6CEDA81A540C}.Release|Any CPU.Build.0 = Release|Any CPU
		{BD08C27D-FAD6-407E-AC1A-6CEDA81A540C}.Release|x64.ActiveCfg = Release|Any CPU
		{BD08C27D-FAD6-407E-AC1A-6CEDA81A540C}.Release|x64.Build.0 = Release|Any CPU
		{BD08C27D-FAD6-407E-AC1A-6CEDA81A540C}.Release|x86.ActiveCfg = Release|Any CPU
		{BD08C27D-FAD6-407E-AC1A-6CEDA81A540C}.Release|x86.Build.0 = Release|Any CPU
		{09C65CC6-B297-41A0-A61B-DBF798B01609}.Debug|Any CPU.ActiveCfg = Debug|Any CPU
		{09C65CC6-B297-41A0-A61B-DBF798B01609}.Debug|Any CPU.Build.0 = Debug|Any CPU
		{09C65CC6-B297-41A0-A61B-DBF798B01609}.Debug|x64.ActiveCfg = Debug|Any CPU
		{09C65CC6-B297-41A0-A61B-DBF798B01609}.Debug|x64.Build.0 = Debug|Any CPU
		{09C65CC6-B297-41A0-A61B-DBF798B01609}.Debug|x86.ActiveCfg = Debug|Any CPU
		{09C65CC6-B297-41A0-A61B-DBF798B01609}.Debug|x86.Build.0 = Debug|Any CPU
		{09C65CC6-B297-41A0-A61B-DBF798B01609}.Release|Any CPU.ActiveCfg = Release|Any CPU
		{09C65CC6-B297-41A0-A61B-DBF798B01609}.Release|Any CPU.Build.0 = Release|Any CPU
		{09C65CC6-B297-41A0-A61B-DBF798B01609}.Release|x64.ActiveCfg = Release|Any CPU
		{09C65CC6-B297-41A0-A61B-DBF798B01609}.Release|x64.Build.0 = Release|Any CPU
		{09C65CC6-B297-41A0-A61B-DBF798B01609}.Release|x86.ActiveCfg = Release|Any CPU
		{09C65CC6-B297-41A0-A61B-DBF798B01609}.Release|x86.Build.0 = Release|Any CPU
		{F044BA16-7074-4803-B6D8-DF77333419B1}.Debug|Any CPU.ActiveCfg = Debug|Any CPU
		{F044BA16-7074-4803-B6D8-DF77333419B1}.Debug|Any CPU.Build.0 = Debug|Any CPU
		{F044BA16-7074-4803-B6D8-DF77333419B1}.Debug|x64.ActiveCfg = Debug|Any CPU
		{F044BA16-7074-4803-B6D8-DF77333419B1}.Debug|x64.Build.0 = Debug|Any CPU
		{F044BA16-7074-4803-B6D8-DF77333419B1}.Debug|x86.ActiveCfg = Debug|Any CPU
		{F044BA16-7074-4803-B6D8-DF77333419B1}.Debug|x86.Build.0 = Debug|Any CPU
		{F044BA16-7074-4803-B6D8-DF77333419B1}.Release|Any CPU.ActiveCfg = Release|Any CPU
		{F044BA16-7074-4803-B6D8-DF77333419B1}.Release|Any CPU.Build.0 = Release|Any CPU
		{F044BA16-7074-4803-B6D8-DF77333419B1}.Release|x64.ActiveCfg = Release|Any CPU
		{F044BA16-7074-4803-B6D8-DF77333419B1}.Release|x64.Build.0 = Release|Any CPU
		{F044BA16-7074-4803-B6D8-DF77333419B1}.Release|x86.ActiveCfg = Release|Any CPU
		{F044BA16-7074-4803-B6D8-DF77333419B1}.Release|x86.Build.0 = Release|Any CPU
		{2EF42320-E2CC-4DE5-A59D-9BB531051892}.Debug|Any CPU.ActiveCfg = Debug|Any CPU
		{2EF42320-E2CC-4DE5-A59D-9BB531051892}.Debug|Any CPU.Build.0 = Debug|Any CPU
		{2EF42320-E2CC-4DE5-A59D-9BB531051892}.Debug|x64.ActiveCfg = Debug|Any CPU
		{2EF42320-E2CC-4DE5-A59D-9BB531051892}.Debug|x64.Build.0 = Debug|Any CPU
		{2EF42320-E2CC-4DE5-A59D-9BB531051892}.Debug|x86.ActiveCfg = Debug|Any CPU
		{2EF42320-E2CC-4DE5-A59D-9BB531051892}.Debug|x86.Build.0 = Debug|Any CPU
		{2EF42320-E2CC-4DE5-A59D-9BB531051892}.Release|Any CPU.ActiveCfg = Release|Any CPU
		{2EF42320-E2CC-4DE5-A59D-9BB531051892}.Release|Any CPU.Build.0 = Release|Any CPU
		{2EF42320-E2CC-4DE5-A59D-9BB531051892}.Release|x64.ActiveCfg = Release|Any CPU
		{2EF42320-E2CC-4DE5-A59D-9BB531051892}.Release|x64.Build.0 = Release|Any CPU
		{2EF42320-E2CC-4DE5-A59D-9BB531051892}.Release|x86.ActiveCfg = Release|Any CPU
		{2EF42320-E2CC-4DE5-A59D-9BB531051892}.Release|x86.Build.0 = Release|Any CPU
		{8387F857-E250-4A72-82F0-E43AE42561D7}.Debug|Any CPU.ActiveCfg = Debug|Any CPU
		{8387F857-E250-4A72-82F0-E43AE42561D7}.Debug|Any CPU.Build.0 = Debug|Any CPU
		{8387F857-E250-4A72-82F0-E43AE42561D7}.Debug|x64.ActiveCfg = Debug|Any CPU
		{8387F857-E250-4A72-82F0-E43AE42561D7}.Debug|x64.Build.0 = Debug|Any CPU
		{8387F857-E250-4A72-82F0-E43AE42561D7}.Debug|x86.ActiveCfg = Debug|Any CPU
		{8387F857-E250-4A72-82F0-E43AE42561D7}.Debug|x86.Build.0 = Debug|Any CPU
		{8387F857-E250-4A72-82F0-E43AE42561D7}.Release|Any CPU.ActiveCfg = Release|Any CPU
		{8387F857-E250-4A72-82F0-E43AE42561D7}.Release|Any CPU.Build.0 = Release|Any CPU
		{8387F857-E250-4A72-82F0-E43AE42561D7}.Release|x64.ActiveCfg = Release|Any CPU
		{8387F857-E250-4A72-82F0-E43AE42561D7}.Release|x64.Build.0 = Release|Any CPU
		{8387F857-E250-4A72-82F0-E43AE42561D7}.Release|x86.ActiveCfg = Release|Any CPU
		{8387F857-E250-4A72-82F0-E43AE42561D7}.Release|x86.Build.0 = Release|Any CPU
		{641BE4FC-0521-4673-8C89-7E89299F86E8}.Debug|Any CPU.ActiveCfg = Debug|Any CPU
		{641BE4FC-0521-4673-8C89-7E89299F86E8}.Debug|Any CPU.Build.0 = Debug|Any CPU
		{641BE4FC-0521-4673-8C89-7E89299F86E8}.Debug|x64.ActiveCfg = Debug|Any CPU
		{641BE4FC-0521-4673-8C89-7E89299F86E8}.Debug|x64.Build.0 = Debug|Any CPU
		{641BE4FC-0521-4673-8C89-7E89299F86E8}.Debug|x86.ActiveCfg = Debug|Any CPU
		{641BE4FC-0521-4673-8C89-7E89299F86E8}.Debug|x86.Build.0 = Debug|Any CPU
		{641BE4FC-0521-4673-8C89-7E89299F86E8}.Release|Any CPU.ActiveCfg = Release|Any CPU
		{641BE4FC-0521-4673-8C89-7E89299F86E8}.Release|Any CPU.Build.0 = Release|Any CPU
		{641BE4FC-0521-4673-8C89-7E89299F86E8}.Release|x64.ActiveCfg = Release|Any CPU
		{641BE4FC-0521-4673-8C89-7E89299F86E8}.Release|x64.Build.0 = Release|Any CPU
		{641BE4FC-0521-4673-8C89-7E89299F86E8}.Release|x86.ActiveCfg = Release|Any CPU
		{641BE4FC-0521-4673-8C89-7E89299F86E8}.Release|x86.Build.0 = Release|Any CPU
		{7531265A-AA9D-4A30-B6D0-48451E9F965B}.Debug|Any CPU.ActiveCfg = Debug|Any CPU
		{7531265A-AA9D-4A30-B6D0-48451E9F965B}.Debug|Any CPU.Build.0 = Debug|Any CPU
		{7531265A-AA9D-4A30-B6D0-48451E9F965B}.Debug|x64.ActiveCfg = Debug|Any CPU
		{7531265A-AA9D-4A30-B6D0-48451E9F965B}.Debug|x64.Build.0 = Debug|Any CPU
		{7531265A-AA9D-4A30-B6D0-48451E9F965B}.Debug|x86.ActiveCfg = Debug|Any CPU
		{7531265A-AA9D-4A30-B6D0-48451E9F965B}.Debug|x86.Build.0 = Debug|Any CPU
		{7531265A-AA9D-4A30-B6D0-48451E9F965B}.Release|Any CPU.ActiveCfg = Release|Any CPU
		{7531265A-AA9D-4A30-B6D0-48451E9F965B}.Release|Any CPU.Build.0 = Release|Any CPU
		{7531265A-AA9D-4A30-B6D0-48451E9F965B}.Release|x64.ActiveCfg = Release|Any CPU
		{7531265A-AA9D-4A30-B6D0-48451E9F965B}.Release|x64.Build.0 = Release|Any CPU
		{7531265A-AA9D-4A30-B6D0-48451E9F965B}.Release|x86.ActiveCfg = Release|Any CPU
		{7531265A-AA9D-4A30-B6D0-48451E9F965B}.Release|x86.Build.0 = Release|Any CPU
		{E3553E9C-62B7-4B03-87E5-5A707D5903D5}.Debug|Any CPU.ActiveCfg = Debug|Any CPU
		{E3553E9C-62B7-4B03-87E5-5A707D5903D5}.Debug|Any CPU.Build.0 = Debug|Any CPU
		{E3553E9C-62B7-4B03-87E5-5A707D5903D5}.Debug|x64.ActiveCfg = Debug|Any CPU
		{E3553E9C-62B7-4B03-87E5-5A707D5903D5}.Debug|x64.Build.0 = Debug|Any CPU
		{E3553E9C-62B7-4B03-87E5-5A707D5903D5}.Debug|x86.ActiveCfg = Debug|Any CPU
		{E3553E9C-62B7-4B03-87E5-5A707D5903D5}.Debug|x86.Build.0 = Debug|Any CPU
		{E3553E9C-62B7-4B03-87E5-5A707D5903D5}.Release|Any CPU.ActiveCfg = Release|Any CPU
		{E3553E9C-62B7-4B03-87E5-5A707D5903D5}.Release|Any CPU.Build.0 = Release|Any CPU
		{E3553E9C-62B7-4B03-87E5-5A707D5903D5}.Release|x64.ActiveCfg = Release|Any CPU
		{E3553E9C-62B7-4B03-87E5-5A707D5903D5}.Release|x64.Build.0 = Release|Any CPU
		{E3553E9C-62B7-4B03-87E5-5A707D5903D5}.Release|x86.ActiveCfg = Release|Any CPU
		{E3553E9C-62B7-4B03-87E5-5A707D5903D5}.Release|x86.Build.0 = Release|Any CPU
		{F121E8F7-6162-4E02-BFE3-698D39DD97B0}.Debug|Any CPU.ActiveCfg = Debug|x64
		{F121E8F7-6162-4E02-BFE3-698D39DD97B0}.Debug|Any CPU.Build.0 = Debug|x64
		{F121E8F7-6162-4E02-BFE3-698D39DD97B0}.Debug|x64.ActiveCfg = Debug|x64
		{F121E8F7-6162-4E02-BFE3-698D39DD97B0}.Debug|x64.Build.0 = Debug|x64
		{F121E8F7-6162-4E02-BFE3-698D39DD97B0}.Debug|x86.ActiveCfg = Debug|x64
		{F121E8F7-6162-4E02-BFE3-698D39DD97B0}.Debug|x86.Build.0 = Debug|x64
		{F121E8F7-6162-4E02-BFE3-698D39DD97B0}.Release|Any CPU.ActiveCfg = Release|x64
		{F121E8F7-6162-4E02-BFE3-698D39DD97B0}.Release|Any CPU.Build.0 = Release|x64
		{F121E8F7-6162-4E02-BFE3-698D39DD97B0}.Release|x64.ActiveCfg = Release|x64
		{F121E8F7-6162-4E02-BFE3-698D39DD97B0}.Release|x64.Build.0 = Release|x64
		{F121E8F7-6162-4E02-BFE3-698D39DD97B0}.Release|x86.ActiveCfg = Release|x64
		{F121E8F7-6162-4E02-BFE3-698D39DD97B0}.Release|x86.Build.0 = Release|x64
		{5174D0A7-52A2-4DFC-B837-52FB5A6C2876}.Debug|Any CPU.ActiveCfg = Debug|Any CPU
		{5174D0A7-52A2-4DFC-B837-52FB5A6C2876}.Debug|Any CPU.Build.0 = Debug|Any CPU
		{5174D0A7-52A2-4DFC-B837-52FB5A6C2876}.Debug|x64.ActiveCfg = Debug|Any CPU
		{5174D0A7-52A2-4DFC-B837-52FB5A6C2876}.Debug|x64.Build.0 = Debug|Any CPU
		{5174D0A7-52A2-4DFC-B837-52FB5A6C2876}.Debug|x86.ActiveCfg = Debug|Any CPU
		{5174D0A7-52A2-4DFC-B837-52FB5A6C2876}.Debug|x86.Build.0 = Debug|Any CPU
		{5174D0A7-52A2-4DFC-B837-52FB5A6C2876}.Release|Any CPU.ActiveCfg = Release|Any CPU
		{5174D0A7-52A2-4DFC-B837-52FB5A6C2876}.Release|Any CPU.Build.0 = Release|Any CPU
		{5174D0A7-52A2-4DFC-B837-52FB5A6C2876}.Release|x64.ActiveCfg = Release|Any CPU
		{5174D0A7-52A2-4DFC-B837-52FB5A6C2876}.Release|x64.Build.0 = Release|Any CPU
		{5174D0A7-52A2-4DFC-B837-52FB5A6C2876}.Release|x86.ActiveCfg = Release|Any CPU
		{5174D0A7-52A2-4DFC-B837-52FB5A6C2876}.Release|x86.Build.0 = Release|Any CPU
	EndGlobalSection
	GlobalSection(SolutionProperties) = preSolution
		HideSolutionNode = FALSE
	EndGlobalSection
	GlobalSection(NestedProjects) = preSolution
		{C175C503-3E9F-477D-9371-D38215D06AE9} = {4F52FD11-658E-A102-6CD3-7D7C16FFA15B}
		{C7991874-50DE-40F8-8550-54D117B94234} = {4F52FD11-658E-A102-6CD3-7D7C16FFA15B}
		{52C2BBCA-4B2B-42D9-9A95-2A00CC337C73} = {4F52FD11-658E-A102-6CD3-7D7C16FFA15B}
		{AD10FD4F-A2BA-41BC-98A8-439BFEE0381F} = {342A349A-D343-8551-4064-2E2800C39E13}
		{AE2F559F-B9D2-4B41-AA3F-B539E6361F2D} = {342A349A-D343-8551-4064-2E2800C39E13}
		{5264B35C-AB08-42F5-8A89-FF78A17CC62E} = {342A349A-D343-8551-4064-2E2800C39E13}
		{BD08C27D-FAD6-407E-AC1A-6CEDA81A540C} = {342A349A-D343-8551-4064-2E2800C39E13}
		{09C65CC6-B297-41A0-A61B-DBF798B01609} = {342A349A-D343-8551-4064-2E2800C39E13}
		{F044BA16-7074-4803-B6D8-DF77333419B1} = {342A349A-D343-8551-4064-2E2800C39E13}
		{2EF42320-E2CC-4DE5-A59D-9BB531051892} = {342A349A-D343-8551-4064-2E2800C39E13}
		{8387F857-E250-4A72-82F0-E43AE42561D7} = {342A349A-D343-8551-4064-2E2800C39E13}
		{641BE4FC-0521-4673-8C89-7E89299F86E8} = {342A349A-D343-8551-4064-2E2800C39E13}
		{7531265A-AA9D-4A30-B6D0-48451E9F965B} = {342A349A-D343-8551-4064-2E2800C39E13}
		{E3553E9C-62B7-4B03-87E5-5A707D5903D5} = {1787FE1D-075E-9E68-7218-25F1BD1BBEAB}
		{F121E8F7-6162-4E02-BFE3-698D39DD97B0} = {1787FE1D-075E-9E68-7218-25F1BD1BBEAB}
		{5174D0A7-52A2-4DFC-B837-52FB5A6C2876} = {0AB3BF05-4346-4AA6-1389-037BE0695223}
	EndGlobalSection
EndGlobal
